
Microsoft Visual Studio Solution File, Format Version 12.00
# Visual Studio 14
VisualStudioVersion = 14.0.25123.0
MinimumVisualStudioVersion = 10.0.40219.1
Project("{FAE04EC0-301F-11D3-BF4B-00C04F79EFBC}") = "Luis.SDK.ClientLibrary", "Sources\Luis.SDK.ClientLibrary\Luis.SDK.ClientLibrary.csproj", "{13FF53C6-6B28-46AE-928E-5649112A6AED}"
EndProject
Project("{FAE04EC0-301F-11D3-BF4B-00C04F79EFBC}") = "Luis.SDK.SampleApplication", "Sources\Luis.SDK.SampleApplication\Luis.SDK.SampleApplication.csproj", "{9AC443BD-AC60-450E-8C7D-A23D213F9ADA}"
EndProject
Project("{FAE04EC0-301F-11D3-BF4B-00C04F79EFBC}") = "Luis.SDK.ClientLibrary.Tests", "Sources\Luis.SDK.ClientLibrary.Tests\Luis.SDK.ClientLibrary.Tests.csproj", "{3DCDED8F-9C45-4EE7-9310-EED261CFAAAD}"
EndProject
Global
	GlobalSection(SolutionConfigurationPlatforms) = preSolution
		Debug|Any CPU = Debug|Any CPU
		Debug|ARM = Debug|ARM
		Debug|x64 = Debug|x64
		Debug|x86 = Debug|x86
		Release|Any CPU = Release|Any CPU
		Release|ARM = Release|ARM
		Release|x64 = Release|x64
		Release|x86 = Release|x86
	EndGlobalSection
	GlobalSection(ProjectConfigurationPlatforms) = postSolution
		{13FF53C6-6B28-46AE-928E-5649112A6AED}.Debug|Any CPU.ActiveCfg = Debug|Any CPU
		{13FF53C6-6B28-46AE-928E-5649112A6AED}.Debug|Any CPU.Build.0 = Debug|Any CPU
		{13FF53C6-6B28-46AE-928E-5649112A6AED}.Debug|ARM.ActiveCfg = Debug|Any CPU
		{13FF53C6-6B28-46AE-928E-5649112A6AED}.Debug|ARM.Build.0 = Debug|Any CPU
		{13FF53C6-6B28-46AE-928E-5649112A6AED}.Debug|x64.ActiveCfg = Debug|Any CPU
		{13FF53C6-6B28-46AE-928E-5649112A6AED}.Debug|x64.Build.0 = Debug|Any CPU
		{13FF53C6-6B28-46AE-928E-5649112A6AED}.Debug|x86.ActiveCfg = Debug|Any CPU
		{13FF53C6-6B28-46AE-928E-5649112A6AED}.Debug|x86.Build.0 = Debug|Any CPU
		{13FF53C6-6B28-46AE-928E-5649112A6AED}.Release|Any CPU.ActiveCfg = Release|Any CPU
		{13FF53C6-6B28-46AE-928E-5649112A6AED}.Release|Any CPU.Build.0 = Release|Any CPU
		{13FF53C6-6B28-46AE-928E-5649112A6AED}.Release|ARM.ActiveCfg = Release|Any CPU
		{13FF53C6-6B28-46AE-928E-5649112A6AED}.Release|ARM.Build.0 = Release|Any CPU
		{13FF53C6-6B28-46AE-928E-5649112A6AED}.Release|x64.ActiveCfg = Release|Any CPU
		{13FF53C6-6B28-46AE-928E-5649112A6AED}.Release|x64.Build.0 = Release|Any CPU
		{13FF53C6-6B28-46AE-928E-5649112A6AED}.Release|x86.ActiveCfg = Release|Any CPU
		{13FF53C6-6B28-46AE-928E-5649112A6AED}.Release|x86.Build.0 = Release|Any CPU
		{9AC443BD-AC60-450E-8C7D-A23D213F9ADA}.Debug|Any CPU.ActiveCfg = Debug|Any CPU
		{9AC443BD-AC60-450E-8C7D-A23D213F9ADA}.Debug|Any CPU.Build.0 = Debug|Any CPU
		{9AC443BD-AC60-450E-8C7D-A23D213F9ADA}.Debug|ARM.ActiveCfg = Debug|Any CPU
		{9AC443BD-AC60-450E-8C7D-A23D213F9ADA}.Debug|ARM.Build.0 = Debug|Any CPU
		{9AC443BD-AC60-450E-8C7D-A23D213F9ADA}.Debug|x64.ActiveCfg = Debug|Any CPU
		{9AC443BD-AC60-450E-8C7D-A23D213F9ADA}.Debug|x64.Build.0 = Debug|Any CPU
		{9AC443BD-AC60-450E-8C7D-A23D213F9ADA}.Debug|x86.ActiveCfg = Debug|Any CPU
		{9AC443BD-AC60-450E-8C7D-A23D213F9ADA}.Debug|x86.Build.0 = Debug|Any CPU
		{9AC443BD-AC60-450E-8C7D-A23D213F9ADA}.Release|Any CPU.ActiveCfg = Release|Any CPU
		{9AC443BD-AC60-450E-8C7D-A23D213F9ADA}.Release|Any CPU.Build.0 = Release|Any CPU
		{9AC443BD-AC60-450E-8C7D-A23D213F9ADA}.Release|ARM.ActiveCfg = Release|Any CPU
		{9AC443BD-AC60-450E-8C7D-A23D213F9ADA}.Release|ARM.Build.0 = Release|Any CPU
		{9AC443BD-AC60-450E-8C7D-A23D213F9ADA}.Release|x64.ActiveCfg = Release|Any CPU
		{9AC443BD-AC60-450E-8C7D-A23D213F9ADA}.Release|x64.Build.0 = Release|Any CPU
		{9AC443BD-AC60-450E-8C7D-A23D213F9ADA}.Release|x86.ActiveCfg = Release|Any CPU
		{9AC443BD-AC60-450E-8C7D-A23D213F9ADA}.Release|x86.Build.0 = Release|Any CPU
		{3DCDED8F-9C45-4EE7-9310-EED261CFAAAD}.Debug|Any CPU.ActiveCfg = Debug|Any CPU
		{3DCDED8F-9C45-4EE7-9310-EED261CFAAAD}.Debug|Any CPU.Build.0 = Debug|Any CPU
		{3DCDED8F-9C45-4EE7-9310-EED261CFAAAD}.Debug|ARM.ActiveCfg = Debug|Any CPU
		{3DCDED8F-9C45-4EE7-9310-EED261CFAAAD}.Debug|ARM.Build.0 = Debug|Any CPU
		{3DCDED8F-9C45-4EE7-9310-EED261CFAAAD}.Debug|x64.ActiveCfg = Debug|Any CPU
		{3DCDED8F-9C45-4EE7-9310-EED261CFAAAD}.Debug|x64.Build.0 = Debug|Any CPU
		{3DCDED8F-9C45-4EE7-9310-EED261CFAAAD}.Debug|x86.ActiveCfg = Debug|Any CPU
		{3DCDED8F-9C45-4EE7-9310-EED261CFAAAD}.Debug|x86.Build.0 = Debug|Any CPU
		{3DCDED8F-9C45-4EE7-9310-EED261CFAAAD}.Release|Any CPU.ActiveCfg = Release|Any CPU
		{3DCDED8F-9C45-4EE7-9310-EED261CFAAAD}.Release|Any CPU.Build.0 = Release|Any CPU
		{3DCDED8F-9C45-4EE7-9310-EED261CFAAAD}.Release|ARM.ActiveCfg = Release|Any CPU
		{3DCDED8F-9C45-4EE7-9310-EED261CFAAAD}.Release|ARM.Build.0 = Release|Any CPU
		{3DCDED8F-9C45-4EE7-9310-EED261CFAAAD}.Release|x64.ActiveCfg = Release|Any CPU
		{3DCDED8F-9C45-4EE7-9310-EED261CFAAAD}.Release|x64.Build.0 = Release|Any CPU
		{3DCDED8F-9C45-4EE7-9310-EED261CFAAAD}.Release|x86.ActiveCfg = Release|Any CPU
		{3DCDED8F-9C45-4EE7-9310-EED261CFAAAD}.Release|x86.Build.0 = Release|Any CPU
	EndGlobalSection
	GlobalSection(SolutionProperties) = preSolution
		HideSolutionNode = FALSE
	EndGlobalSection
EndGlobal
